// !$*UTF8*$!
{
	archiveVersion = 1;
	classes = {
	};
	objectVersion = 46;
	objects = {

/* Begin PBXBuildFile section */
		38FA6BE3178152D300EFB5D9 /* UIKit.framework in Frameworks */ = {isa = PBXBuildFile; fileRef = 38FA6BE2178152D300EFB5D9 /* UIKit.framework */; };
		38FA6BE5178152D300EFB5D9 /* Foundation.framework in Frameworks */ = {isa = PBXBuildFile; fileRef = 38FA6BE4178152D300EFB5D9 /* Foundation.framework */; };
		38FA6BE7178152D300EFB5D9 /* CoreGraphics.framework in Frameworks */ = {isa = PBXBuildFile; fileRef = 38FA6BE6178152D300EFB5D9 /* CoreGraphics.framework */; };
		38FA6BED178152D300EFB5D9 /* InfoPlist.strings in Resources */ = {isa = PBXBuildFile; fileRef = 38FA6BEB178152D300EFB5D9 /* InfoPlist.strings */; };
		38FA6BEF178152D300EFB5D9 /* main.m in Sources */ = {isa = PBXBuildFile; fileRef = 38FA6BEE178152D300EFB5D9 /* main.m */; };
		38FA6BF3178152D300EFB5D9 /* AppDelegate.m in Sources */ = {isa = PBXBuildFile; fileRef = 38FA6BF2178152D300EFB5D9 /* AppDelegate.m */; };
		38FA6BF5178152D300EFB5D9 /* Default.png in Resources */ = {isa = PBXBuildFile; fileRef = 38FA6BF4178152D300EFB5D9 /* Default.png */; };
		38FA6BF7178152D300EFB5D9 /* Default@2x.png in Resources */ = {isa = PBXBuildFile; fileRef = 38FA6BF6178152D300EFB5D9 /* Default@2x.png */; };
		38FA6BF9178152D300EFB5D9 /* Default-568h@2x.png in Resources */ = {isa = PBXBuildFile; fileRef = 38FA6BF8178152D300EFB5D9 /* Default-568h@2x.png */; };
		38FA6BFC178152D300EFB5D9 /* ViewController.m in Sources */ = {isa = PBXBuildFile; fileRef = 38FA6BFB178152D300EFB5D9 /* ViewController.m */; };
		38FA6BFF178152D300EFB5D9 /* ViewController.xib in Resources */ = {isa = PBXBuildFile; fileRef = 38FA6BFD178152D300EFB5D9 /* ViewController.xib */; };
/* End PBXBuildFile section */

/* Begin PBXFileReference section */
		38FA6BDF178152D300EFB5D9 /* CrazyMirror.app */ = {isa = PBXFileReference; explicitFileType = wrapper.application; includeInIndex = 0; path = CrazyMirror.app; sourceTree = BUILT_PRODUCTS_DIR; };
		38FA6BE2178152D300EFB5D9 /* UIKit.framework */ = {isa = PBXFileReference; lastKnownFileType = wrapper.framework; name = UIKit.framework; path = System/Library/Frameworks/UIKit.framework; sourceTree = SDKROOT; };
		38FA6BE4178152D300EFB5D9 /* Foundation.framework */ = {isa = PBXFileReference; lastKnownFileType = wrapper.framework; name = Foundation.framework; path = System/Library/Frameworks/Foundation.framework; sourceTree = SDKROOT; };
		38FA6BE6178152D300EFB5D9 /* CoreGraphics.framework */ = {isa = PBXFileReference; lastKnownFileType = wrapper.framework; name = CoreGraphics.framework; path = System/Library/Frameworks/CoreGraphics.framework; sourceTree = SDKROOT; };
		38FA6BEA178152D300EFB5D9 /* CrazyMirror-Info.plist */ = {isa = PBXFileReference; lastKnownFileType = text.plist.xml; path = "CrazyMirror-Info.plist"; sourceTree = "<group>"; };
		38FA6BEC178152D300EFB5D9 /* en */ = {isa = PBXFileReference; lastKnownFileType = text.plist.strings; name = en; path = en.lproj/InfoPlist.strings; sourceTree = "<group>"; };
		38FA6BEE178152D300EFB5D9 /* main.m */ = {isa = PBXFileReference; lastKnownFileType = sourcecode.c.objc; path = main.m; sourceTree = "<group>"; };
		38FA6BF0178152D300EFB5D9 /* CrazyMirror-Prefix.pch */ = {isa = PBXFileReference; lastKnownFileType = sourcecode.c.h; path = "CrazyMirror-Prefix.pch"; sourceTree = "<group>"; };
		38FA6BF1178152D300EFB5D9 /* AppDelegate.h */ = {isa = PBXFileReference; lastKnownFileType = sourcecode.c.h; path = AppDelegate.h; sourceTree = "<group>"; };
		38FA6BF2178152D300EFB5D9 /* AppDelegate.m */ = {isa = PBXFileReference; lastKnownFileType = sourcecode.c.objc; path = AppDelegate.m; sourceTree = "<group>"; };
		38FA6BF4178152D300EFB5D9 /* Default.png */ = {isa = PBXFileReference; lastKnownFileType = image.png; path = Default.png; sourceTree = "<group>"; };
		38FA6BF6178152D300EFB5D9 /* Default@2x.png */ = {isa = PBXFileReference; lastKnownFileType = image.png; path = "Default@2x.png"; sourceTree = "<group>"; };
		38FA6BF8178152D300EFB5D9 /* Default-568h@2x.png */ = {isa = PBXFileReference; lastKnownFileType = image.png; path = "Default-568h@2x.png"; sourceTree = "<group>"; };
		38FA6BFA178152D300EFB5D9 /* ViewController.h */ = {isa = PBXFileReference; lastKnownFileType = sourcecode.c.h; path = ViewController.h; sourceTree = "<group>"; };
		38FA6BFB178152D300EFB5D9 /* ViewController.m */ = {isa = PBXFileReference; lastKnownFileType = sourcecode.c.objc; path = ViewController.m; sourceTree = "<group>"; };
		38FA6BFE178152D300EFB5D9 /* en */ = {isa = PBXFileReference; lastKnownFileType = file.xib; name = en; path = en.lproj/ViewController.xib; sourceTree = "<group>"; };
/* End PBXFileReference section */

/* Begin PBXFrameworksBuildPhase section */
		38FA6BDC178152D300EFB5D9 /* Frameworks */ = {
			isa = PBXFrameworksBuildPhase;
			buildActionMask = 2147483647;
			files = (
				38FA6BE3178152D300EFB5D9 /* UIKit.framework in Frameworks */,
				38FA6BE5178152D300EFB5D9 /* Foundation.framework in Frameworks */,
				38FA6BE7178152D300EFB5D9 /* CoreGraphics.framework in Frameworks */,
			);
			runOnlyForDeploymentPostprocessing = 0;
		};
/* End PBXFrameworksBuildPhase section */

/* Begin PBXGroup section */
		38FA6BD6178152D300EFB5D9 = {
			isa = PBXGroup;
			children = (
				38FA6BE8178152D300EFB5D9 /* CrazyMirror */,
				38FA6BE1178152D300EFB5D9 /* Frameworks */,
				38FA6BE0178152D300EFB5D9 /* Products */,
			);
			sourceTree = "<group>";
		};
		38FA6BE0178152D300EFB5D9 /* Products */ = {
			isa = PBXGroup;
			children = (
				38FA6BDF178152D300EFB5D9 /* CrazyMirror.app */,
			);
			name = Products;
			sourceTree = "<group>";
		};
		38FA6BE1178152D300EFB5D9 /* Frameworks */ = {
			isa = PBXGroup;
			children = (
				38FA6BE2178152D300EFB5D9 /* UIKit.framework */,
				38FA6BE4178152D300EFB5D9 /* Foundation.framework */,
				38FA6BE6178152D300EFB5D9 /* CoreGraphics.framework */,
			);
			name = Frameworks;
			sourceTree = "<group>";
		};
		38FA6BE8178152D300EFB5D9 /* CrazyMirror */ = {
			isa = PBXGroup;
			children = (
				38FA6BF1178152D300EFB5D9 /* AppDelegate.h */,
				38FA6BF2178152D300EFB5D9 /* AppDelegate.m */,
				38FA6BFA178152D300EFB5D9 /* ViewController.h */,
				38FA6BFB178152D300EFB5D9 /* ViewController.m */,
				38FA6BFD178152D300EFB5D9 /* ViewController.xib */,
				38FA6BE9178152D300EFB5D9 /* Supporting Files */,
			);
			path = CrazyMirror;
			sourceTree = "<group>";
		};
		38FA6BE9178152D300EFB5D9 /* Supporting Files */ = {
			isa = PBXGroup;
			children = (
				38FA6BEA178152D300EFB5D9 /* CrazyMirror-Info.plist */,
				38FA6BEB178152D300EFB5D9 /* InfoPlist.strings */,
				38FA6BEE178152D300EFB5D9 /* main.m */,
				38FA6BF0178152D300EFB5D9 /* CrazyMirror-Prefix.pch */,
				38FA6BF4178152D300EFB5D9 /* Default.png */,
				38FA6BF6178152D300EFB5D9 /* Default@2x.png */,
				38FA6BF8178152D300EFB5D9 /* Default-568h@2x.png */,
			);
			name = "Supporting Files";
			sourceTree = "<group>";
		};
/* End PBXGroup section */

/* Begin PBXNativeTarget section */
		38FA6BDE178152D300EFB5D9 /* CrazyMirror */ = {
			isa = PBXNativeTarget;
			buildConfigurationList = 38FA6C02178152D300EFB5D9 /* Build configuration list for PBXNativeTarget "CrazyMirror" */;
			buildPhases = (
				38FA6BDB178152D300EFB5D9 /* Sources */,
				38FA6BDC178152D300EFB5D9 /* Frameworks */,
				38FA6BDD178152D300EFB5D9 /* Resources */,
			);
			buildRules = (
			);
			dependencies = (
			);
			name = CrazyMirror;
			productName = CrazyMirror;
			productReference = 38FA6BDF178152D300EFB5D9 /* CrazyMirror.app */;
			productType = "com.apple.product-type.application";
		};
/* End PBXNativeTarget section */

/* Begin PBXProject section */
		38FA6BD7178152D300EFB5D9 /* Project object */ = {
			isa = PBXProject;
			attributes = {
				LastUpgradeCheck = 0460;
				ORGANIZATIONNAME = "Junchao Yu";
			};
			buildConfigurationList = 38FA6BDA178152D300EFB5D9 /* Build configuration list for PBXProject "CrazyMirror" */;
			compatibilityVersion = "Xcode 3.2";
			developmentRegion = English;
			hasScannedForEncodings = 0;
			knownRegions = (
				en,
			);
			mainGroup = 38FA6BD6178152D300EFB5D9;
			productRefGroup = 38FA6BE0178152D300EFB5D9 /* Products */;
			projectDirPath = "";
			projectRoot = "";
			targets = (
				38FA6BDE178152D300EFB5D9 /* CrazyMirror */,
			);
		};
/* End PBXProject section */

/* Begin PBXResourcesBuildPhase section */
		38FA6BDD178152D300EFB5D9 /* Resources */ = {
			isa = PBXResourcesBuildPhase;
			buildActionMask = 2147483647;
			files = (
				38FA6BED178152D300EFB5D9 /* InfoPlist.strings in Resources */,
				38FA6BF5178152D300EFB5D9 /* Default.png in Resources */,
				38FA6BF7178152D300EFB5D9 /* Default@2x.png in Resources */,
				38FA6BF9178152D300EFB5D9 /* Default-568h@2x.png in Resources */,
				38FA6BFF178152D300EFB5D9 /* ViewController.xib in Resources */,
			);
			runOnlyForDeploymentPostprocessing = 0;
		};
/* End PBXResourcesBuildPhase section */

/* Begin PBXSourcesBuildPhase section */
		38FA6BDB178152D300EFB5D9 /* Sources */ = {
			isa = PBXSourcesBuildPhase;
			buildActionMask = 2147483647;
			files = (
				38FA6BEF178152D300EFB5D9 /* main.m in Sources */,
				38FA6BF3178152D300EFB5D9 /* AppDelegate.m in Sources */,
				38FA6BFC178152D300EFB5D9 /* ViewController.m in Sources */,
			);
			runOnlyForDeploymentPostprocessing = 0;
		};
/* End PBXSourcesBuildPhase section */

/* Begin PBXVariantGroup section */
		38FA6BEB178152D300EFB5D9 /* InfoPlist.strings */ = {
			isa = PBXVariantGroup;
			children = (
				38FA6BEC178152D300EFB5D9 /* en */,
			);
			name = InfoPlist.strings;
			sourceTree = "<group>";
		};
		38FA6BFD178152D300EFB5D9 /* ViewController.xib */ = {
			isa = PBXVariantGroup;
			children = (
				38FA6BFE178152D300EFB5D9 /* en */,
			);
			name = ViewController.xib;
			sourceTree = "<group>";
		};
/* End PBXVariantGroup section */

/* Begin XCBuildConfiguration section */
		38FA6C00178152D300EFB5D9 /* Debug */ = {
			isa = XCBuildConfiguration;
			buildSettings = {
				ALWAYS_SEARCH_USER_PATHS = NO;
				CLANG_CXX_LANGUAGE_STANDARD = "gnu++0x";
				CLANG_CXX_LIBRARY = "libc++";
				CLANG_ENABLE_OBJC_ARC = YES;
				CLANG_WARN_CONSTANT_CONVERSION = YES;
				CLANG_WARN_EMPTY_BODY = YES;
				CLANG_WARN_ENUM_CONVERSION = YES;
				CLANG_WARN_INT_CONVERSION = YES;
				CLANG_WARN__DUPLICATE_METHOD_MATCH = YES;
				"CODE_SIGN_IDENTITY[sdk=iphoneos*]" = "iPhone Developer";
				COPY_PHASE_STRIP = NO;
				GCC_C_LANGUAGE_STANDARD = gnu99;
				GCC_DYNAMIC_NO_PIC = NO;
				GCC_OPTIMIZATION_LEVEL = 0;
				GCC_PREPROCESSOR_DEFINITIONS = (
					"DEBUG=1",
					"$(inherited)",
				);
				GCC_SYMBOLS_PRIVATE_EXTERN = NO;
				GCC_WARN_ABOUT_RETURN_TYPE = YES;
				GCC_WARN_UNINITIALIZED_AUTOS = YES;
				GCC_WARN_UNUSED_VARIABLE = YES;
				IPHONEOS_DEPLOYMENT_TARGET = 6.1;
				ONLY_ACTIVE_ARCH = YES;
				SDKROOT = iphoneos;
			};
			name = Debug;
		};
		38FA6C01178152D300EFB5D9 /* Release */ = {
			isa = XCBuildConfiguration;
			buildSettings = {
				ALWAYS_SEARCH_USER_PATHS = NO;
				CLANG_CXX_LANGUAGE_STANDARD = "gnu++0x";
				CLANG_CXX_LIBRARY = "libc++";
				CLANG_ENABLE_OBJC_ARC = YES;
				CLANG_WARN_CONSTANT_CONVERSION = YES;
				CLANG_WARN_EMPTY_BODY = YES;
				CLANG_WARN_ENUM_CONVERSION = YES;
				CLANG_WARN_INT_CONVERSION = YES;
				CLANG_WARN__DUPLICATE_METHOD_MATCH = YES;
				"CODE_SIGN_IDENTITY[sdk=iphoneos*]" = "iPhone Developer";
				COPY_PHASE_STRIP = YES;
				GCC_C_LANGUAGE_STANDARD = gnu99;
				GCC_WARN_ABOUT_RETURN_TYPE = YES;
				GCC_WARN_UNINITIALIZED_AUTOS = YES;
				GCC_WARN_UNUSED_VARIABLE = YES;
				IPHONEOS_DEPLOYMENT_TARGET = 6.1;
				OTHER_CFLAGS = "-DNS_BLOCK_ASSERTIONS=1";
				SDKROOT = iphoneos;
				VALIDATE_PRODUCT = YES;
			};
			name = Release;
		};
		38FA6C03178152D300EFB5D9 /* Debug */ = {
			isa = XCBuildConfiguration;
			buildSettings = {
				GCC_PRECOMPILE_PREFIX_HEADER = YES;
				GCC_PREFIX_HEADER = "CrazyMirror/CrazyMirror-Prefix.pch";
				INFOPLIST_FILE = "CrazyMirror/CrazyMirror-Info.plist";
				PRODUCT_NAME = "$(TARGET_NAME)";
				WRAPPER_EXTENSION = app;
			};
			name = Debug;
		};
		38FA6C04178152D300EFB5D9 /* Release */ = {
			isa = XCBuildConfiguration;
			buildSettings = {
				GCC_PRECOMPILE_PREFIX_HEADER = YES;
				GCC_PREFIX_HEADER = "CrazyMirror/CrazyMirror-Prefix.pch";
				INFOPLIST_FILE = "CrazyMirror/CrazyMirror-Info.plist";
				PRODUCT_NAME = "$(TARGET_NAME)";
				WRAPPER_EXTENSION = app;
			};
			name = Release;
		};
/* End XCBuildConfiguration section */

/* Begin XCConfigurationList section */
		38FA6BDA178152D300EFB5D9 /* Build configuration list for PBXProject "CrazyMirror" */ = {
			isa = XCConfigurationList;
			buildConfigurations = (
				38FA6C00178152D300EFB5D9 /* Debug */,
				38FA6C01178152D300EFB5D9 /* Release */,
			);
			defaultConfigurationIsVisible = 0;
			defaultConfigurationName = Release;
		};
		38FA6C02178152D300EFB5D9 /* Build configuration list for PBXNativeTarget "CrazyMirror" */ = {
			isa = XCConfigurationList;
			buildConfigurations = (
				38FA6C03178152D300EFB5D9 /* Debug */,
				38FA6C04178152D300EFB5D9 /* Release */,
			);
			defaultConfigurationIsVisible = 0;
		};
/* End XCConfigurationList section */
	};
	rootObject = 38FA6BD7178152D300EFB5D9 /* Project object */;
}
